
Microsoft Visual Studio Solution File, Format Version 12.00
# Visual Studio Version 17
VisualStudioVersion = 17.5.002.0
MinimumVisualStudioVersion = 10.0.40219.1
Project("{9A19103F-16F7-4668-BE54-9A1E7A4F7556}") = "Tarefa", "Tarefa.csproj", "{8185292F-BE23-4B62-A4C6-A794C0AEACC0}"
EndProject
Global
	GlobalSection(SolutionConfigurationPlatforms) = preSolution
		Debug|Any CPU = Debug|Any CPU
		Release|Any CPU = Release|Any CPU
	EndGlobalSection
	GlobalSection(ProjectConfigurationPlatforms) = postSolution
		{8185292F-BE23-4B62-A4C6-A794C0AEACC0}.Debug|Any CPU.ActiveCfg = Debug|Any CPU
		{8185292F-BE23-4B62-A4C6-A794C0AEACC0}.Debug|Any CPU.Build.0 = Debug|Any CPU
		{8185292F-BE23-4B62-A4C6-A794C0AEACC0}.Release|Any CPU.ActiveCfg = Release|Any CPU
		{8185292F-BE23-4B62-A4C6-A794C0AEACC0}.Release|Any CPU.Build.0 = Release|Any CPU
	EndGlobalSection
	GlobalSection(SolutionProperties) = preSolution
		HideSolutionNode = FALSE
	EndGlobalSection
	GlobalSection(ExtensibilityGlobals) = postSolution
		SolutionGuid = {00E9BA7E-9295-4372-AB9A-9246F0AAAB35}
	EndGlobalSection
EndGlobal
